// !$*UTF8*$!
{
	archiveVersion = 1;
	classes = {
	};
	objectVersion = 46;
	objects = {

/* Begin PBXBuildFile section */
		434497E318E24D9E00620AF1 /* Foundation.framework in Frameworks */ = {isa = PBXBuildFile; fileRef = 434497E218E24D9E00620AF1 /* Foundation.framework */; };
		434497E518E24D9E00620AF1 /* CoreGraphics.framework in Frameworks */ = {isa = PBXBuildFile; fileRef = 434497E418E24D9E00620AF1 /* CoreGraphics.framework */; };
		434497E718E24D9E00620AF1 /* UIKit.framework in Frameworks */ = {isa = PBXBuildFile; fileRef = 434497E618E24D9E00620AF1 /* UIKit.framework */; };
		434497E918E24D9E00620AF1 /* SpriteKit.framework in Frameworks */ = {isa = PBXBuildFile; fileRef = 434497E818E24D9E00620AF1 /* SpriteKit.framework */; };
		434497EF18E24D9E00620AF1 /* InfoPlist.strings in Resources */ = {isa = PBXBuildFile; fileRef = 434497ED18E24D9E00620AF1 /* InfoPlist.strings */; };
		434497F118E24D9E00620AF1 /* main.m in Sources */ = {isa = PBXBuildFile; fileRef = 434497F018E24D9E00620AF1 /* main.m */; };
		434497F518E24D9E00620AF1 /* AppDelegate.m in Sources */ = {isa = PBXBuildFile; fileRef = 434497F418E24D9E00620AF1 /* AppDelegate.m */; };
		434497F818E24D9E00620AF1 /* Main_iPhone.storyboard in Resources */ = {isa = PBXBuildFile; fileRef = 434497F618E24D9E00620AF1 /* Main_iPhone.storyboard */; };
		434497FB18E24D9E00620AF1 /* Main_iPad.storyboard in Resources */ = {isa = PBXBuildFile; fileRef = 434497F918E24D9E00620AF1 /* Main_iPad.storyboard */; };
		4344980318E24D9E00620AF1 /* Spaceship.png in Resources */ = {isa = PBXBuildFile; fileRef = 4344980218E24D9E00620AF1 /* Spaceship.png */; };
		4344980518E24D9E00620AF1 /* Images.xcassets in Resources */ = {isa = PBXBuildFile; fileRef = 4344980418E24D9E00620AF1 /* Images.xcassets */; };
		4344980C18E24D9E00620AF1 /* XCTest.framework in Frameworks */ = {isa = PBXBuildFile; fileRef = 4344980B18E24D9E00620AF1 /* XCTest.framework */; };
		4344980D18E24D9E00620AF1 /* Foundation.framework in Frameworks */ = {isa = PBXBuildFile; fileRef = 434497E218E24D9E00620AF1 /* Foundation.framework */; };
		4344980E18E24D9E00620AF1 /* UIKit.framework in Frameworks */ = {isa = PBXBuildFile; fileRef = 434497E618E24D9E00620AF1 /* UIKit.framework */; };
		4344981618E24D9E00620AF1 /* InfoPlist.strings in Resources */ = {isa = PBXBuildFile; fileRef = 4344981418E24D9E00620AF1 /* InfoPlist.strings */; };
		4344981818E24D9E00620AF1 /* FlockTests.m in Sources */ = {isa = PBXBuildFile; fileRef = 4344981718E24D9E00620AF1 /* FlockTests.m */; };
		4344982D18E24DF000620AF1 /* Agent.m in Sources */ = {isa = PBXBuildFile; fileRef = 4344982218E24DF000620AF1 /* Agent.m */; };
		4344982E18E24DF000620AF1 /* bird.png in Resources */ = {isa = PBXBuildFile; fileRef = 4344982318E24DF000620AF1 /* bird.png */; };
		4344982F18E24DF000620AF1 /* blop.wav in Resources */ = {isa = PBXBuildFile; fileRef = 4344982418E24DF000620AF1 /* blop.wav */; };
		4344983018E24DF000620AF1 /* FlockScene.m in Sources */ = {isa = PBXBuildFile; fileRef = 4344982618E24DF000620AF1 /* FlockScene.m */; };
		4344983118E24DF000620AF1 /* FlockViewController.m in Sources */ = {isa = PBXBuildFile; fileRef = 4344982818E24DF000620AF1 /* FlockViewController.m */; };
		4344983218E24DF000620AF1 /* UIColor+RandomColor.m in Sources */ = {isa = PBXBuildFile; fileRef = 4344982A18E24DF000620AF1 /* UIColor+RandomColor.m */; };
/* End PBXBuildFile section */

/* Begin PBXContainerItemProxy section */
		4344980F18E24D9E00620AF1 /* PBXContainerItemProxy */ = {
			isa = PBXContainerItemProxy;
			containerPortal = 434497D718E24D9E00620AF1 /* Project object */;
			proxyType = 1;
			remoteGlobalIDString = 434497DE18E24D9E00620AF1;
			remoteInfo = Flock;
		};
/* End PBXContainerItemProxy section */

/* Begin PBXFileReference section */
		434497DF18E24D9E00620AF1 /* Flock.app */ = {isa = PBXFileReference; explicitFileType = wrapper.application; includeInIndex = 0; path = Flock.app; sourceTree = BUILT_PRODUCTS_DIR; };
		434497E218E24D9E00620AF1 /* Foundation.framework */ = {isa = PBXFileReference; lastKnownFileType = wrapper.framework; name = Foundation.framework; path = System/Library/Frameworks/Foundation.framework; sourceTree = SDKROOT; };
		434497E418E24D9E00620AF1 /* CoreGraphics.framework */ = {isa = PBXFileReference; lastKnownFileType = wrapper.framework; name = CoreGraphics.framework; path = System/Library/Frameworks/CoreGraphics.framework; sourceTree = SDKROOT; };
		434497E618E24D9E00620AF1 /* UIKit.framework */ = {isa = PBXFileReference; lastKnownFileType = wrapper.framework; name = UIKit.framework; path = System/Library/Frameworks/UIKit.framework; sourceTree = SDKROOT; };
		434497E818E24D9E00620AF1 /* SpriteKit.framework */ = {isa = PBXFileReference; lastKnownFileType = wrapper.framework; name = SpriteKit.framework; path = System/Library/Frameworks/SpriteKit.framework; sourceTree = SDKROOT; };
		434497EC18E24D9E00620AF1 /* Flock-Info.plist */ = {isa = PBXFileReference; lastKnownFileType = text.plist.xml; path = "Flock-Info.plist"; sourceTree = "<group>"; };
		434497EE18E24D9E00620AF1 /* en */ = {isa = PBXFileReference; lastKnownFileType = text.plist.strings; name = en; path = en.lproj/InfoPlist.strings; sourceTree = "<group>"; };
		434497F018E24D9E00620AF1 /* main.m */ = {isa = PBXFileReference; lastKnownFileType = sourcecode.c.objc; path = main.m; sourceTree = "<group>"; };
		434497F218E24D9E00620AF1 /* Flock-Prefix.pch */ = {isa = PBXFileReference; lastKnownFileType = sourcecode.c.h; path = "Flock-Prefix.pch"; sourceTree = "<group>"; };
		434497F318E24D9E00620AF1 /* AppDelegate.h */ = {isa = PBXFileReference; lastKnownFileType = sourcecode.c.h; path = AppDelegate.h; sourceTree = "<group>"; };
		434497F418E24D9E00620AF1 /* AppDelegate.m */ = {isa = PBXFileReference; lastKnownFileType = sourcecode.c.objc; path = AppDelegate.m; sourceTree = "<group>"; };
		434497F718E24D9E00620AF1 /* Base */ = {isa = PBXFileReference; lastKnownFileType = file.storyboard; name = Base; path = Base.lproj/Main_iPhone.storyboard; sourceTree = "<group>"; };
		434497FA18E24D9E00620AF1 /* Base */ = {isa = PBXFileReference; lastKnownFileType = file.storyboard; name = Base; path = Base.lproj/Main_iPad.storyboard; sourceTree = "<group>"; };
		4344980218E24D9E00620AF1 /* Spaceship.png */ = {isa = PBXFileReference; lastKnownFileType = image.png; path = Spaceship.png; sourceTree = "<group>"; };
		4344980418E24D9E00620AF1 /* Images.xcassets */ = {isa = PBXFileReference; lastKnownFileType = folder.assetcatalog; path = Images.xcassets; sourceTree = "<group>"; };
		4344980A18E24D9E00620AF1 /* FlockTests.xctest */ = {isa = PBXFileReference; explicitFileType = wrapper.cfbundle; includeInIndex = 0; path = FlockTests.xctest; sourceTree = BUILT_PRODUCTS_DIR; };
		4344980B18E24D9E00620AF1 /* XCTest.framework */ = {isa = PBXFileReference; lastKnownFileType = wrapper.framework; name = XCTest.framework; path = Library/Frameworks/XCTest.framework; sourceTree = DEVELOPER_DIR; };
		4344981318E24D9E00620AF1 /* FlockTests-Info.plist */ = {isa = PBXFileReference; lastKnownFileType = text.plist.xml; path = "FlockTests-Info.plist"; sourceTree = "<group>"; };
		4344981518E24D9E00620AF1 /* en */ = {isa = PBXFileReference; lastKnownFileType = text.plist.strings; name = en; path = en.lproj/InfoPlist.strings; sourceTree = "<group>"; };
		4344981718E24D9E00620AF1 /* FlockTests.m */ = {isa = PBXFileReference; lastKnownFileType = sourcecode.c.objc; path = FlockTests.m; sourceTree = "<group>"; };
		4344982118E24DF000620AF1 /* Agent.h */ = {isa = PBXFileReference; fileEncoding = 4; lastKnownFileType = sourcecode.c.h; path = Agent.h; sourceTree = "<group>"; };
		4344982218E24DF000620AF1 /* Agent.m */ = {isa = PBXFileReference; fileEncoding = 4; lastKnownFileType = sourcecode.c.objc; path = Agent.m; sourceTree = "<group>"; };
		4344982318E24DF000620AF1 /* bird.png */ = {isa = PBXFileReference; lastKnownFileType = image.png; path = bird.png; sourceTree = "<group>"; };
		4344982418E24DF000620AF1 /* blop.wav */ = {isa = PBXFileReference; lastKnownFileType = audio.wav; path = blop.wav; sourceTree = "<group>"; };
		4344982518E24DF000620AF1 /* FlockScene.h */ = {isa = PBXFileReference; fileEncoding = 4; lastKnownFileType = sourcecode.c.h; path = FlockScene.h; sourceTree = "<group>"; };
		4344982618E24DF000620AF1 /* FlockScene.m */ = {isa = PBXFileReference; fileEncoding = 4; lastKnownFileType = sourcecode.c.objc; path = FlockScene.m; sourceTree = "<group>"; };
		4344982718E24DF000620AF1 /* FlockViewController.h */ = {isa = PBXFileReference; fileEncoding = 4; lastKnownFileType = sourcecode.c.h; path = FlockViewController.h; sourceTree = "<group>"; };
		4344982818E24DF000620AF1 /* FlockViewController.m */ = {isa = PBXFileReference; fileEncoding = 4; lastKnownFileType = sourcecode.c.objc; path = FlockViewController.m; sourceTree = "<group>"; };
		4344982918E24DF000620AF1 /* UIColor+RandomColor.h */ = {isa = PBXFileReference; fileEncoding = 4; lastKnownFileType = sourcecode.c.h; path = "UIColor+RandomColor.h"; sourceTree = "<group>"; };
		4344982A18E24DF000620AF1 /* UIColor+RandomColor.m */ = {isa = PBXFileReference; fileEncoding = 4; lastKnownFileType = sourcecode.c.objc; path = "UIColor+RandomColor.m"; sourceTree = "<group>"; };
/* End PBXFileReference section */

/* Begin PBXFrameworksBuildPhase section */
		434497DC18E24D9E00620AF1 /* Frameworks */ = {
			isa = PBXFrameworksBuildPhase;
			buildActionMask = 2147483647;
			files = (
				434497E518E24D9E00620AF1 /* CoreGraphics.framework in Frameworks */,
				434497E718E24D9E00620AF1 /* UIKit.framework in Frameworks */,
				434497E918E24D9E00620AF1 /* SpriteKit.framework in Frameworks */,
				434497E318E24D9E00620AF1 /* Foundation.framework in Frameworks */,
			);
			runOnlyForDeploymentPostprocessing = 0;
		};
		4344980718E24D9E00620AF1 /* Frameworks */ = {
			isa = PBXFrameworksBuildPhase;
			buildActionMask = 2147483647;
			files = (
				4344980C18E24D9E00620AF1 /* XCTest.framework in Frameworks */,
				4344980E18E24D9E00620AF1 /* UIKit.framework in Frameworks */,
				4344980D18E24D9E00620AF1 /* Foundation.framework in Frameworks */,
			);
			runOnlyForDeploymentPostprocessing = 0;
		};
/* End PBXFrameworksBuildPhase section */

/* Begin PBXGroup section */
		434497D618E24D9E00620AF1 = {
			isa = PBXGroup;
			children = (
				434497EA18E24D9E00620AF1 /* Flock */,
				4344981118E24D9E00620AF1 /* FlockTests */,
				434497E118E24D9E00620AF1 /* Frameworks */,
				434497E018E24D9E00620AF1 /* Products */,
			);
			sourceTree = "<group>";
		};
		434497E018E24D9E00620AF1 /* Products */ = {
			isa = PBXGroup;
			children = (
				434497DF18E24D9E00620AF1 /* Flock.app */,
				4344980A18E24D9E00620AF1 /* FlockTests.xctest */,
			);
			name = Products;
			sourceTree = "<group>";
		};
		434497E118E24D9E00620AF1 /* Frameworks */ = {
			isa = PBXGroup;
			children = (
				434497E218E24D9E00620AF1 /* Foundation.framework */,
				434497E418E24D9E00620AF1 /* CoreGraphics.framework */,
				434497E618E24D9E00620AF1 /* UIKit.framework */,
				434497E818E24D9E00620AF1 /* SpriteKit.framework */,
				4344980B18E24D9E00620AF1 /* XCTest.framework */,
			);
			name = Frameworks;
			sourceTree = "<group>";
		};
		434497EA18E24D9E00620AF1 /* Flock */ = {
			isa = PBXGroup;
			children = (
				434497F318E24D9E00620AF1 /* AppDelegate.h */,
				434497F418E24D9E00620AF1 /* AppDelegate.m */,
				434497F618E24D9E00620AF1 /* Main_iPhone.storyboard */,
				434497F918E24D9E00620AF1 /* Main_iPad.storyboard */,
				4344983518E24F8D00620AF1 /* Flock */,
				4344983418E24E6E00620AF1 /* Categories */,
				4344980218E24D9E00620AF1 /* Spaceship.png */,
				4344982318E24DF000620AF1 /* bird.png */,
				4344982418E24DF000620AF1 /* blop.wav */,
				4344980418E24D9E00620AF1 /* Images.xcassets */,
				434497EB18E24D9E00620AF1 /* Supporting Files */,
			);
			path = Flock;
			sourceTree = "<group>";
		};
		434497EB18E24D9E00620AF1 /* Supporting Files */ = {
			isa = PBXGroup;
			children = (
				434497EC18E24D9E00620AF1 /* Flock-Info.plist */,
				434497ED18E24D9E00620AF1 /* InfoPlist.strings */,
				434497F018E24D9E00620AF1 /* main.m */,
				434497F218E24D9E00620AF1 /* Flock-Prefix.pch */,
			);
			name = "Supporting Files";
			sourceTree = "<group>";
		};
		4344981118E24D9E00620AF1 /* FlockTests */ = {
			isa = PBXGroup;
			children = (
				4344981718E24D9E00620AF1 /* FlockTests.m */,
				4344981218E24D9E00620AF1 /* Supporting Files */,
			);
			path = FlockTests;
			sourceTree = "<group>";
		};
		4344981218E24D9E00620AF1 /* Supporting Files */ = {
			isa = PBXGroup;
			children = (
				4344981318E24D9E00620AF1 /* FlockTests-Info.plist */,
				4344981418E24D9E00620AF1 /* InfoPlist.strings */,
			);
			name = "Supporting Files";
			sourceTree = "<group>";
		};
		4344983418E24E6E00620AF1 /* Categories */ = {
			isa = PBXGroup;
			children = (
				4344982918E24DF000620AF1 /* UIColor+RandomColor.h */,
				4344982A18E24DF000620AF1 /* UIColor+RandomColor.m */,
			);
			name = Categories;
			sourceTree = "<group>";
		};
		4344983518E24F8D00620AF1 /* Flock */ = {
			isa = PBXGroup;
			children = (
				4344982718E24DF000620AF1 /* FlockViewController.h */,
				4344982818E24DF000620AF1 /* FlockViewController.m */,
				4344982518E24DF000620AF1 /* FlockScene.h */,
				4344982618E24DF000620AF1 /* FlockScene.m */,
				4344982118E24DF000620AF1 /* Agent.h */,
				4344982218E24DF000620AF1 /* Agent.m */,
			);
			name = Flock;
			sourceTree = "<group>";
		};
/* End PBXGroup section */

/* Begin PBXNativeTarget section */
		434497DE18E24D9E00620AF1 /* Flock */ = {
			isa = PBXNativeTarget;
			buildConfigurationList = 4344981B18E24D9E00620AF1 /* Build configuration list for PBXNativeTarget "Flock" */;
			buildPhases = (
				434497DB18E24D9E00620AF1 /* Sources */,
				434497DC18E24D9E00620AF1 /* Frameworks */,
				434497DD18E24D9E00620AF1 /* Resources */,
			);
			buildRules = (
			);
			dependencies = (
			);
			name = Flock;
			productName = Flock;
			productReference = 434497DF18E24D9E00620AF1 /* Flock.app */;
			productType = "com.apple.product-type.application";
		};
		4344980918E24D9E00620AF1 /* FlockTests */ = {
			isa = PBXNativeTarget;
			buildConfigurationList = 4344981E18E24D9E00620AF1 /* Build configuration list for PBXNativeTarget "FlockTests" */;
			buildPhases = (
				4344980618E24D9E00620AF1 /* Sources */,
				4344980718E24D9E00620AF1 /* Frameworks */,
				4344980818E24D9E00620AF1 /* Resources */,
			);
			buildRules = (
			);
			dependencies = (
				4344981018E24D9E00620AF1 /* PBXTargetDependency */,
			);
			name = FlockTests;
			productName = FlockTests;
			productReference = 4344980A18E24D9E00620AF1 /* FlockTests.xctest */;
			productType = "com.apple.product-type.bundle.unit-test";
		};
/* End PBXNativeTarget section */

/* Begin PBXProject section */
		434497D718E24D9E00620AF1 /* Project object */ = {
			isa = PBXProject;
			attributes = {
				LastUpgradeCheck = 0510;
				ORGANIZATIONNAME = "___FULLUSERNAME___";
				TargetAttributes = {
					4344980918E24D9E00620AF1 = {
						TestTargetID = 434497DE18E24D9E00620AF1;
					};
				};
			};
			buildConfigurationList = 434497DA18E24D9E00620AF1 /* Build configuration list for PBXProject "Flock" */;
			compatibilityVersion = "Xcode 3.2";
			developmentRegion = English;
			hasScannedForEncodings = 0;
			knownRegions = (
				en,
				Base,
			);
			mainGroup = 434497D618E24D9E00620AF1;
			productRefGroup = 434497E018E24D9E00620AF1 /* Products */;
			projectDirPath = "";
			projectRoot = "";
			targets = (
				434497DE18E24D9E00620AF1 /* Flock */,
				4344980918E24D9E00620AF1 /* FlockTests */,
			);
		};
/* End PBXProject section */

/* Begin PBXResourcesBuildPhase section */
		434497DD18E24D9E00620AF1 /* Resources */ = {
			isa = PBXResourcesBuildPhase;
			buildActionMask = 2147483647;
			files = (
				4344980318E24D9E00620AF1 /* Spaceship.png in Resources */,
				4344982F18E24DF000620AF1 /* blop.wav in Resources */,
				4344980518E24D9E00620AF1 /* Images.xcassets in Resources */,
				4344982E18E24DF000620AF1 /* bird.png in Resources */,
				434497FB18E24D9E00620AF1 /* Main_iPad.storyboard in Resources */,
				434497F818E24D9E00620AF1 /* Main_iPhone.storyboard in Resources */,
				434497EF18E24D9E00620AF1 /* InfoPlist.strings in Resources */,
			);
			runOnlyForDeploymentPostprocessing = 0;
		};
		4344980818E24D9E00620AF1 /* Resources */ = {
			isa = PBXResourcesBuildPhase;
			buildActionMask = 2147483647;
			files = (
				4344981618E24D9E00620AF1 /* InfoPlist.strings in Resources */,
			);
			runOnlyForDeploymentPostprocessing = 0;
		};
/* End PBXResourcesBuildPhase section */

/* Begin PBXSourcesBuildPhase section */
		434497DB18E24D9E00620AF1 /* Sources */ = {
			isa = PBXSourcesBuildPhase;
			buildActionMask = 2147483647;
			files = (
				4344983118E24DF000620AF1 /* FlockViewController.m in Sources */,
				4344982D18E24DF000620AF1 /* Agent.m in Sources */,
				4344983018E24DF000620AF1 /* FlockScene.m in Sources */,
				4344983218E24DF000620AF1 /* UIColor+RandomColor.m in Sources */,
				434497F518E24D9E00620AF1 /* AppDelegate.m in Sources */,
				434497F118E24D9E00620AF1 /* main.m in Sources */,
			);
			runOnlyForDeploymentPostprocessing = 0;
		};
		4344980618E24D9E00620AF1 /* Sources */ = {
			isa = PBXSourcesBuildPhase;
			buildActionMask = 2147483647;
			files = (
				4344981818E24D9E00620AF1 /* FlockTests.m in Sources */,
			);
			runOnlyForDeploymentPostprocessing = 0;
		};
/* End PBXSourcesBuildPhase section */

/* Begin PBXTargetDependency section */
		4344981018E24D9E00620AF1 /* PBXTargetDependency */ = {
			isa = PBXTargetDependency;
			target = 434497DE18E24D9E00620AF1 /* Flock */;
			targetProxy = 4344980F18E24D9E00620AF1 /* PBXContainerItemProxy */;
		};
/* End PBXTargetDependency section */

/* Begin PBXVariantGroup section */
		434497ED18E24D9E00620AF1 /* InfoPlist.strings */ = {
			isa = PBXVariantGroup;
			children = (
				434497EE18E24D9E00620AF1 /* en */,
			);
			name = InfoPlist.strings;
			sourceTree = "<group>";
		};
		434497F618E24D9E00620AF1 /* Main_iPhone.storyboard */ = {
			isa = PBXVariantGroup;
			children = (
				434497F718E24D9E00620AF1 /* Base */,
			);
			name = Main_iPhone.storyboard;
			sourceTree = "<group>";
		};
		434497F918E24D9E00620AF1 /* Main_iPad.storyboard */ = {
			isa = PBXVariantGroup;
			children = (
				434497FA18E24D9E00620AF1 /* Base */,
			);
			name = Main_iPad.storyboard;
			sourceTree = "<group>";
		};
		4344981418E24D9E00620AF1 /* InfoPlist.strings */ = {
			isa = PBXVariantGroup;
			children = (
				4344981518E24D9E00620AF1 /* en */,
			);
			name = InfoPlist.strings;
			sourceTree = "<group>";
		};
/* End PBXVariantGroup section */

/* Begin XCBuildConfiguration section */
		4344981918E24D9E00620AF1 /* Debug */ = {
			isa = XCBuildConfiguration;
			buildSettings = {
				ALWAYS_SEARCH_USER_PATHS = NO;
				CLANG_CXX_LANGUAGE_STANDARD = "gnu++0x";
				CLANG_CXX_LIBRARY = "libc++";
				CLANG_ENABLE_MODULES = YES;
				CLANG_ENABLE_OBJC_ARC = YES;
				CLANG_WARN_BOOL_CONVERSION = YES;
				CLANG_WARN_CONSTANT_CONVERSION = YES;
				CLANG_WARN_DIRECT_OBJC_ISA_USAGE = YES_ERROR;
				CLANG_WARN_EMPTY_BODY = YES;
				CLANG_WARN_ENUM_CONVERSION = YES;
				CLANG_WARN_INT_CONVERSION = YES;
				CLANG_WARN_OBJC_ROOT_CLASS = YES_ERROR;
				CLANG_WARN__DUPLICATE_METHOD_MATCH = YES;
				"CODE_SIGN_IDENTITY[sdk=iphoneos*]" = "iPhone Developer";
				COPY_PHASE_STRIP = NO;
				GCC_C_LANGUAGE_STANDARD = gnu99;
				GCC_DYNAMIC_NO_PIC = NO;
				GCC_OPTIMIZATION_LEVEL = 0;
				GCC_PREPROCESSOR_DEFINITIONS = (
					"DEBUG=1",
					"$(inherited)",
				);
				GCC_SYMBOLS_PRIVATE_EXTERN = NO;
				GCC_WARN_64_TO_32_BIT_CONVERSION = YES;
				GCC_WARN_ABOUT_RETURN_TYPE = YES_ERROR;
				GCC_WARN_UNDECLARED_SELECTOR = YES;
				GCC_WARN_UNINITIALIZED_AUTOS = YES_AGGRESSIVE;
				GCC_WARN_UNUSED_FUNCTION = YES;
				GCC_WARN_UNUSED_VARIABLE = YES;
				IPHONEOS_DEPLOYMENT_TARGET = 7.1;
				ONLY_ACTIVE_ARCH = YES;
				SDKROOT = iphoneos;
				TARGETED_DEVICE_FAMILY = "1,2";
			};
			name = Debug;
		};
		4344981A18E24D9E00620AF1 /* Release */ = {
			isa = XCBuildConfiguration;
			buildSettings = {
				ALWAYS_SEARCH_USER_PATHS = NO;
				CLANG_CXX_LANGUAGE_STANDARD = "gnu++0x";
				CLANG_CXX_LIBRARY = "libc++";
				CLANG_ENABLE_MODULES = YES;
				CLANG_ENABLE_OBJC_ARC = YES;
				CLANG_WARN_BOOL_CONVERSION = YES;
				CLANG_WARN_CONSTANT_CONVERSION = YES;
				CLANG_WARN_DIRECT_OBJC_ISA_USAGE = YES_ERROR;
				CLANG_WARN_EMPTY_BODY = YES;
				CLANG_WARN_ENUM_CONVERSION = YES;
				CLANG_WARN_INT_CONVERSION = YES;
				CLANG_WARN_OBJC_ROOT_CLASS = YES_ERROR;
				CLANG_WARN__DUPLICATE_METHOD_MATCH = YES;
				"CODE_SIGN_IDENTITY[sdk=iphoneos*]" = "iPhone Developer";
				COPY_PHASE_STRIP = YES;
				ENABLE_NS_ASSERTIONS = NO;
				GCC_C_LANGUAGE_STANDARD = gnu99;
				GCC_WARN_64_TO_32_BIT_CONVERSION = YES;
				GCC_WARN_ABOUT_RETURN_TYPE = YES_ERROR;
				GCC_WARN_UNDECLARED_SELECTOR = YES;
				GCC_WARN_UNINITIALIZED_AUTOS = YES_AGGRESSIVE;
				GCC_WARN_UNUSED_FUNCTION = YES;
				GCC_WARN_UNUSED_VARIABLE = YES;
				IPHONEOS_DEPLOYMENT_TARGET = 7.1;
				SDKROOT = iphoneos;
				TARGETED_DEVICE_FAMILY = "1,2";
				VALIDATE_PRODUCT = YES;
			};
			name = Release;
		};
		4344981C18E24D9E00620AF1 /* Debug */ = {
			isa = XCBuildConfiguration;
			buildSettings = {
				ASSETCATALOG_COMPILER_APPICON_NAME = AppIcon;
				ASSETCATALOG_COMPILER_LAUNCHIMAGE_NAME = LaunchImage;
				GCC_PRECOMPILE_PREFIX_HEADER = YES;
				GCC_PREFIX_HEADER = "Flock/Flock-Prefix.pch";
				INFOPLIST_FILE = "Flock/Flock-Info.plist";
				PRODUCT_NAME = "$(TARGET_NAME)";
				SPRITEKIT_TEXTURE_ATLAS_OUTPUT = YES;
				WRAPPER_EXTENSION = app;
			};
			name = Debug;
		};
		4344981D18E24D9E00620AF1 /* Release */ = {
			isa = XCBuildConfiguration;
			buildSettings = {
				ASSETCATALOG_COMPILER_APPICON_NAME = AppIcon;
				ASSETCATALOG_COMPILER_LAUNCHIMAGE_NAME = LaunchImage;
				GCC_PRECOMPILE_PREFIX_HEADER = YES;
				GCC_PREFIX_HEADER = "Flock/Flock-Prefix.pch";
				INFOPLIST_FILE = "Flock/Flock-Info.plist";
				PRODUCT_NAME = "$(TARGET_NAME)";
				SPRITEKIT_TEXTURE_ATLAS_OUTPUT = YES;
				WRAPPER_EXTENSION = app;
			};
			name = Release;
		};
		4344981F18E24D9E00620AF1 /* Debug */ = {
			isa = XCBuildConfiguration;
			buildSettings = {
				BUNDLE_LOADER = "$(BUILT_PRODUCTS_DIR)/Flock.app/Flock";
				FRAMEWORK_SEARCH_PATHS = (
					"$(SDKROOT)/Developer/Library/Frameworks",
					"$(inherited)",
					"$(DEVELOPER_FRAMEWORKS_DIR)",
				);
				GCC_PRECOMPILE_PREFIX_HEADER = YES;
				GCC_PREFIX_HEADER = "Flock/Flock-Prefix.pch";
				GCC_PREPROCESSOR_DEFINITIONS = (
					"DEBUG=1",
					"$(inherited)",
				);
				INFOPLIST_FILE = "FlockTests/FlockTests-Info.plist";
				PRODUCT_NAME = "$(TARGET_NAME)";
				TEST_HOST = "$(BUNDLE_LOADER)";
				WRAPPER_EXTENSION = xctest;
			};
			name = Debug;
		};
		4344982018E24D9E00620AF1 /* Release */ = {
			isa = XCBuildConfiguration;
			buildSettings = {
				BUNDLE_LOADER = "$(BUILT_PRODUCTS_DIR)/Flock.app/Flock";
				FRAMEWORK_SEARCH_PATHS = (
					"$(SDKROOT)/Developer/Library/Frameworks",
					"$(inherited)",
					"$(DEVELOPER_FRAMEWORKS_DIR)",
				);
				GCC_PRECOMPILE_PREFIX_HEADER = YES;
				GCC_PREFIX_HEADER = "Flock/Flock-Prefix.pch";
				INFOPLIST_FILE = "FlockTests/FlockTests-Info.plist";
				PRODUCT_NAME = "$(TARGET_NAME)";
				TEST_HOST = "$(BUNDLE_LOADER)";
				WRAPPER_EXTENSION = xctest;
			};
			name = Release;
		};
/* End XCBuildConfiguration section */

/* Begin XCConfigurationList section */
		434497DA18E24D9E00620AF1 /* Build configuration list for PBXProject "Flock" */ = {
			isa = XCConfigurationList;
			buildConfigurations = (
				4344981918E24D9E00620AF1 /* Debug */,
				4344981A18E24D9E00620AF1 /* Release */,
			);
			defaultConfigurationIsVisible = 0;
			defaultConfigurationName = Release;
		};
		4344981B18E24D9E00620AF1 /* Build configuration list for PBXNativeTarget "Flock" */ = {
			isa = XCConfigurationList;
			buildConfigurations = (
				4344981C18E24D9E00620AF1 /* Debug */,
				4344981D18E24D9E00620AF1 /* Release */,
			);
			defaultConfigurationIsVisible = 0;
			defaultConfigurationName = Release;
		};
		4344981E18E24D9E00620AF1 /* Build configuration list for PBXNativeTarget "FlockTests" */ = {
			isa = XCConfigurationList;
			buildConfigurations = (
				4344981F18E24D9E00620AF1 /* Debug */,
				4344982018E24D9E00620AF1 /* Release */,
			);
			defaultConfigurationIsVisible = 0;
			defaultConfigurationName = Release;
		};
/* End XCConfigurationList section */
	};
	rootObject = 434497D718E24D9E00620AF1 /* Project object */;
}
